// !$*UTF8*$!
{
	archiveVersion = 1;
	classes = {
	};
	objectVersion = 46;
	objects = {

/* Begin PBXBuildFile section */
		0895FE19F928B12C76C79D2A /* AlbumPresenter.swift in Sources */ = {isa = PBXBuildFile; fileRef = 4E06106F469734ACA970FE4F /* AlbumPresenter.swift */; };
		1D6ED73F1CFC45A2B8777AC0 /* AlbumModuleInput.swift in Sources */ = {isa = PBXBuildFile; fileRef = C0F24090D3B6785C09DFC169 /* AlbumModuleInput.swift */; };
		1DA57BD29F158FF8F3DFCA6E /* AlbumViewInput.swift in Sources */ = {isa = PBXBuildFile; fileRef = F1FF6FCD014A15C02E23F0B1 /* AlbumViewInput.swift */; };
		3FF6F9641EC5FCDF0076A8FB /* Main.storyboard in Resources */ = {isa = PBXBuildFile; fileRef = 3FF6F9621EC5FCDF0076A8FB /* Main.storyboard */; };
		3FF6F9661EC5FCDF0076A8FB /* Assets.xcassets in Resources */ = {isa = PBXBuildFile; fileRef = 3FF6F9651EC5FCDF0076A8FB /* Assets.xcassets */; };
		3FF6F9691EC5FCDF0076A8FB /* LaunchScreen.storyboard in Resources */ = {isa = PBXBuildFile; fileRef = 3FF6F9671EC5FCDF0076A8FB /* LaunchScreen.storyboard */; };
		40C76ED276140AAA6601130C /* Pods_CoonTests.framework in Frameworks */ = {isa = PBXBuildFile; fileRef = 4BDE1DEB7C882CBC3C2F79BE /* Pods_CoonTests.framework */; };
		424B304E8391CCC1DBC7AA7D /* Pods_Coon.framework in Frameworks */ = {isa = PBXBuildFile; fileRef = 3312A7C1C81EB0A993537950 /* Pods_Coon.framework */; };
		4F115815F207ACA7FAF9EDE0 /* AlbumInteractorInput.swift in Sources */ = {isa = PBXBuildFile; fileRef = 431ED77F3B0D7E0F66792776 /* AlbumInteractorInput.swift */; };
		50F27343A3681ED5BC499C25 /* AlbumRouterInput.swift in Sources */ = {isa = PBXBuildFile; fileRef = 1EA45D7B0E368915C2FD3742 /* AlbumRouterInput.swift */; };
		5FC5163BCAA962B732F090D6 /* AlbumViewOutput.swift in Sources */ = {isa = PBXBuildFile; fileRef = 6F5B68179647D7D0AEE26190 /* AlbumViewOutput.swift */; };
		6B74E908021D0B4A53F1A956 /* AlbumViewTests.swift in Sources */ = {isa = PBXBuildFile; fileRef = E544C77B468C28AB0BD9F510 /* AlbumViewTests.swift */; };
		7A0D8BFDD5889094469A8804 /* AlbumConfigurator.swift in Sources */ = {isa = PBXBuildFile; fileRef = 5284C4B3745A0A6DE9AE7B3B /* AlbumConfigurator.swift */; };
		9E3A626C2BEB57C2E5260445 /* AlbumRouter.swift in Sources */ = {isa = PBXBuildFile; fileRef = DB8141EC025DEC3DFE05F4DA /* AlbumRouter.swift */; };
		D0BECFA1474346854B173048 /* AlbumConfiguratorTests.swift in Sources */ = {isa = PBXBuildFile; fileRef = A230833DE5E9C8112DFCC012 /* AlbumConfiguratorTests.swift */; };
		D58FBC5B5A42C70F1DCF4516 /* AlbumInteractor.swift in Sources */ = {isa = PBXBuildFile; fileRef = 3A09574AE09ABDDACBF68441 /* AlbumInteractor.swift */; };
		E440F08B12BCC2799FD0E87D /* AlbumInteractorOutput.swift in Sources */ = {isa = PBXBuildFile; fileRef = 58E83A991D2333CB3F9D07F2 /* AlbumInteractorOutput.swift */; };
		F82A0D1C64895E9C1B0076C9 /* AlbumViewController.swift in Sources */ = {isa = PBXBuildFile; fileRef = D7E1083EB4CE6E8E5E053605 /* AlbumViewController.swift */; };
		FE1FF8761F70041A001AA192 /* MockPresenter.swift in Sources */ = {isa = PBXBuildFile; fileRef = FE1FF8751F70041A001AA192 /* MockPresenter.swift */; };
		FE1FF8781F7004F8001AA192 /* AlbumInteractorTests.swift in Sources */ = {isa = PBXBuildFile; fileRef = 81C85A57EE6792729672AB24 /* AlbumInteractorTests.swift */; };
		FE1FF8791F700894001AA192 /* AlbumPresenterTests.swift in Sources */ = {isa = PBXBuildFile; fileRef = E57C2BB5F2C7086BDE80A805 /* AlbumPresenterTests.swift */; };
		FE1FF87B1F7008CC001AA192 /* MockInteractor.swift in Sources */ = {isa = PBXBuildFile; fileRef = FE1FF87A1F7008CC001AA192 /* MockInteractor.swift */; };
		FE1FF87C1F700A18001AA192 /* AlbumRouterTests.swift in Sources */ = {isa = PBXBuildFile; fileRef = E4CA87D6BBA99C3A427AA7EA /* AlbumRouterTests.swift */; };
		FE1FF8841F700E4E001AA192 /* CoonUITests.swift in Sources */ = {isa = PBXBuildFile; fileRef = FE1FF8831F700E4E001AA192 /* CoonUITests.swift */; };
		FE51B28B1F6AF2D500B1D059 /* CollectionCell.swift in Sources */ = {isa = PBXBuildFile; fileRef = FE51B28A1F6AF2D500B1D059 /* CollectionCell.swift */; };
		FEA8465B1F70956C003FEA9A /* stub.txt in Resources */ = {isa = PBXBuildFile; fileRef = FEA8465A1F70956C003FEA9A /* stub.txt */; };
		FED4B5A41F6AFE980023A136 /* AppDelegate.swift in Sources */ = {isa = PBXBuildFile; fileRef = FED4B5A31F6AFE980023A136 /* AppDelegate.swift */; };
		FED4B5DF1F6B0D530023A136 /* FlickrApi.m in Sources */ = {isa = PBXBuildFile; fileRef = FE51B2881F6AF1FA00B1D059 /* FlickrApi.m */; };
/* End PBXBuildFile section */

/* Begin PBXContainerItemProxy section */
		3FF6F9701EC5FCDF0076A8FB /* PBXContainerItemProxy */ = {
			isa = PBXContainerItemProxy;
			containerPortal = 3FF6F94B1EC5FCDF0076A8FB /* Project object */;
			proxyType = 1;
			remoteGlobalIDString = 3FF6F9521EC5FCDF0076A8FB;
			remoteInfo = Coon;
		};
		FE1FF8861F700E4E001AA192 /* PBXContainerItemProxy */ = {
			isa = PBXContainerItemProxy;
			containerPortal = 3FF6F94B1EC5FCDF0076A8FB /* Project object */;
			proxyType = 1;
			remoteGlobalIDString = 3FF6F9521EC5FCDF0076A8FB;
			remoteInfo = Coon;
		};
/* End PBXContainerItemProxy section */

/* Begin PBXFileReference section */
		07F2DE70800337A3218D4ED2 /* Pods-Coon.release.xcconfig */ = {isa = PBXFileReference; includeInIndex = 1; lastKnownFileType = text.xcconfig; name = "Pods-Coon.release.xcconfig"; path = "Pods/Target Support Files/Pods-Coon/Pods-Coon.release.xcconfig"; sourceTree = "<group>"; };
		10AAB6EFA40CF5D9ABBC2B40 /* Pods-CoonTests.debug.xcconfig */ = {isa = PBXFileReference; includeInIndex = 1; lastKnownFileType = text.xcconfig; name = "Pods-CoonTests.debug.xcconfig"; path = "Pods/Target Support Files/Pods-CoonTests/Pods-CoonTests.debug.xcconfig"; sourceTree = "<group>"; };
		124DA9E9D9E3A7658D0D93BA /* AlbumInitializer.swift */ = {isa = PBXFileReference; includeInIndex = 1; lastKnownFileType = sourcecode.swift; path = AlbumInitializer.swift; sourceTree = "<group>"; };
		1EA45D7B0E368915C2FD3742 /* AlbumRouterInput.swift */ = {isa = PBXFileReference; includeInIndex = 1; lastKnownFileType = sourcecode.swift; path = AlbumRouterInput.swift; sourceTree = "<group>"; };
		3312A7C1C81EB0A993537950 /* Pods_Coon.framework */ = {isa = PBXFileReference; explicitFileType = wrapper.framework; includeInIndex = 0; path = Pods_Coon.framework; sourceTree = BUILT_PRODUCTS_DIR; };
		3A09574AE09ABDDACBF68441 /* AlbumInteractor.swift */ = {isa = PBXFileReference; includeInIndex = 1; lastKnownFileType = sourcecode.swift; path = AlbumInteractor.swift; sourceTree = "<group>"; };
		3FF6F9531EC5FCDF0076A8FB /* Coon.app */ = {isa = PBXFileReference; explicitFileType = wrapper.application; includeInIndex = 0; path = Coon.app; sourceTree = BUILT_PRODUCTS_DIR; };
		3FF6F9631EC5FCDF0076A8FB /* Base */ = {isa = PBXFileReference; lastKnownFileType = file.storyboard; name = Base; path = Base.lproj/Main.storyboard; sourceTree = "<group>"; };
		3FF6F9651EC5FCDF0076A8FB /* Assets.xcassets */ = {isa = PBXFileReference; lastKnownFileType = folder.assetcatalog; path = Assets.xcassets; sourceTree = "<group>"; };
		3FF6F9681EC5FCDF0076A8FB /* Base */ = {isa = PBXFileReference; lastKnownFileType = file.storyboard; name = Base; path = Base.lproj/LaunchScreen.storyboard; sourceTree = "<group>"; };
		3FF6F96A1EC5FCDF0076A8FB /* Info.plist */ = {isa = PBXFileReference; lastKnownFileType = text.plist.xml; path = Info.plist; sourceTree = "<group>"; };
		3FF6F96F1EC5FCDF0076A8FB /* CoonTests.xctest */ = {isa = PBXFileReference; explicitFileType = wrapper.cfbundle; includeInIndex = 0; path = CoonTests.xctest; sourceTree = BUILT_PRODUCTS_DIR; };
		3FF6F9751EC5FCDF0076A8FB /* Info.plist */ = {isa = PBXFileReference; lastKnownFileType = text.plist.xml; path = Info.plist; sourceTree = "<group>"; };
		431ED77F3B0D7E0F66792776 /* AlbumInteractorInput.swift */ = {isa = PBXFileReference; includeInIndex = 1; lastKnownFileType = sourcecode.swift; path = AlbumInteractorInput.swift; sourceTree = "<group>"; };
		4BDE1DEB7C882CBC3C2F79BE /* Pods_CoonTests.framework */ = {isa = PBXFileReference; explicitFileType = wrapper.framework; includeInIndex = 0; path = Pods_CoonTests.framework; sourceTree = BUILT_PRODUCTS_DIR; };
		4E06106F469734ACA970FE4F /* AlbumPresenter.swift */ = {isa = PBXFileReference; includeInIndex = 1; lastKnownFileType = sourcecode.swift; path = AlbumPresenter.swift; sourceTree = "<group>"; };
		5284C4B3745A0A6DE9AE7B3B /* AlbumConfigurator.swift */ = {isa = PBXFileReference; includeInIndex = 1; lastKnownFileType = sourcecode.swift; path = AlbumConfigurator.swift; sourceTree = "<group>"; };
		58E83A991D2333CB3F9D07F2 /* AlbumInteractorOutput.swift */ = {isa = PBXFileReference; includeInIndex = 1; lastKnownFileType = sourcecode.swift; path = AlbumInteractorOutput.swift; sourceTree = "<group>"; };
		5FF5C3E2DC23959DFF7961BD /* Pods-Coon.debug.xcconfig */ = {isa = PBXFileReference; includeInIndex = 1; lastKnownFileType = text.xcconfig; name = "Pods-Coon.debug.xcconfig"; path = "Pods/Target Support Files/Pods-Coon/Pods-Coon.debug.xcconfig"; sourceTree = "<group>"; };
		6F5B68179647D7D0AEE26190 /* AlbumViewOutput.swift */ = {isa = PBXFileReference; includeInIndex = 1; lastKnownFileType = sourcecode.swift; path = AlbumViewOutput.swift; sourceTree = "<group>"; };
		81C85A57EE6792729672AB24 /* AlbumInteractorTests.swift */ = {isa = PBXFileReference; includeInIndex = 1; lastKnownFileType = sourcecode.swift; path = AlbumInteractorTests.swift; sourceTree = "<group>"; };
		A230833DE5E9C8112DFCC012 /* AlbumConfiguratorTests.swift */ = {isa = PBXFileReference; includeInIndex = 1; lastKnownFileType = sourcecode.swift; path = AlbumConfiguratorTests.swift; sourceTree = "<group>"; };
		C0F24090D3B6785C09DFC169 /* AlbumModuleInput.swift */ = {isa = PBXFileReference; includeInIndex = 1; lastKnownFileType = sourcecode.swift; path = AlbumModuleInput.swift; sourceTree = "<group>"; };
		D7E1083EB4CE6E8E5E053605 /* AlbumViewController.swift */ = {isa = PBXFileReference; includeInIndex = 1; lastKnownFileType = sourcecode.swift; path = AlbumViewController.swift; sourceTree = "<group>"; };
		DB8141EC025DEC3DFE05F4DA /* AlbumRouter.swift */ = {isa = PBXFileReference; includeInIndex = 1; lastKnownFileType = sourcecode.swift; path = AlbumRouter.swift; sourceTree = "<group>"; };
		E4CA87D6BBA99C3A427AA7EA /* AlbumRouterTests.swift */ = {isa = PBXFileReference; includeInIndex = 1; lastKnownFileType = sourcecode.swift; path = AlbumRouterTests.swift; sourceTree = "<group>"; };
		E544C77B468C28AB0BD9F510 /* AlbumViewTests.swift */ = {isa = PBXFileReference; includeInIndex = 1; lastKnownFileType = sourcecode.swift; path = AlbumViewTests.swift; sourceTree = "<group>"; };
		E57C2BB5F2C7086BDE80A805 /* AlbumPresenterTests.swift */ = {isa = PBXFileReference; includeInIndex = 1; lastKnownFileType = sourcecode.swift; path = AlbumPresenterTests.swift; sourceTree = "<group>"; };
		E947BA119A777FF2679BCED5 /* Pods-CoonTests.release.xcconfig */ = {isa = PBXFileReference; includeInIndex = 1; lastKnownFileType = text.xcconfig; name = "Pods-CoonTests.release.xcconfig"; path = "Pods/Target Support Files/Pods-CoonTests/Pods-CoonTests.release.xcconfig"; sourceTree = "<group>"; };
		F1FF6FCD014A15C02E23F0B1 /* AlbumViewInput.swift */ = {isa = PBXFileReference; includeInIndex = 1; lastKnownFileType = sourcecode.swift; path = AlbumViewInput.swift; sourceTree = "<group>"; };
		FE1FF8751F70041A001AA192 /* MockPresenter.swift */ = {isa = PBXFileReference; lastKnownFileType = sourcecode.swift; path = MockPresenter.swift; sourceTree = "<group>"; };
		FE1FF87A1F7008CC001AA192 /* MockInteractor.swift */ = {isa = PBXFileReference; lastKnownFileType = sourcecode.swift; path = MockInteractor.swift; sourceTree = "<group>"; };
		FE1FF8811F700E4E001AA192 /* CoonUITests.xctest */ = {isa = PBXFileReference; explicitFileType = wrapper.cfbundle; includeInIndex = 0; path = CoonUITests.xctest; sourceTree = BUILT_PRODUCTS_DIR; };
		FE1FF8831F700E4E001AA192 /* CoonUITests.swift */ = {isa = PBXFileReference; lastKnownFileType = sourcecode.swift; path = CoonUITests.swift; sourceTree = "<group>"; };
		FE1FF8851F700E4E001AA192 /* Info.plist */ = {isa = PBXFileReference; lastKnownFileType = text.plist.xml; path = Info.plist; sourceTree = "<group>"; };
		FE51B2871F6AF1FA00B1D059 /* FlickrApi.h */ = {isa = PBXFileReference; lastKnownFileType = sourcecode.c.h; path = FlickrApi.h; sourceTree = "<group>"; };
		FE51B2881F6AF1FA00B1D059 /* FlickrApi.m */ = {isa = PBXFileReference; lastKnownFileType = sourcecode.c.objc; path = FlickrApi.m; sourceTree = "<group>"; };
		FE51B2891F6AF23200B1D059 /* Coon_bridging_header.h */ = {isa = PBXFileReference; lastKnownFileType = sourcecode.c.h; path = Coon_bridging_header.h; sourceTree = "<group>"; };
		FE51B28A1F6AF2D500B1D059 /* CollectionCell.swift */ = {isa = PBXFileReference; lastKnownFileType = sourcecode.swift; path = CollectionCell.swift; sourceTree = "<group>"; };
		FEA8465A1F70956C003FEA9A /* stub.txt */ = {isa = PBXFileReference; lastKnownFileType = text; path = stub.txt; sourceTree = "<group>"; };
		FED4B5A31F6AFE980023A136 /* AppDelegate.swift */ = {isa = PBXFileReference; lastKnownFileType = sourcecode.swift; path = AppDelegate.swift; sourceTree = "<group>"; };
/* End PBXFileReference section */

/* Begin PBXFrameworksBuildPhase section */
		3FF6F9501EC5FCDF0076A8FB /* Frameworks */ = {
			isa = PBXFrameworksBuildPhase;
			buildActionMask = 2147483647;
			files = (
				424B304E8391CCC1DBC7AA7D /* Pods_Coon.framework in Frameworks */,
			);
			runOnlyForDeploymentPostprocessing = 0;
		};
		3FF6F96C1EC5FCDF0076A8FB /* Frameworks */ = {
			isa = PBXFrameworksBuildPhase;
			buildActionMask = 2147483647;
			files = (
				40C76ED276140AAA6601130C /* Pods_CoonTests.framework in Frameworks */,
			);
			runOnlyForDeploymentPostprocessing = 0;
		};
		FE1FF87E1F700E4E001AA192 /* Frameworks */ = {
			isa = PBXFrameworksBuildPhase;
			buildActionMask = 2147483647;
			files = (
			);
			runOnlyForDeploymentPostprocessing = 0;
		};
/* End PBXFrameworksBuildPhase section */

/* Begin PBXGroup section */
		1FE98D9F0DFD556B5D8CFE80 /* Interactor */ = {
			isa = PBXGroup;
			children = (
				431ED77F3B0D7E0F66792776 /* AlbumInteractorInput.swift */,
				58E83A991D2333CB3F9D07F2 /* AlbumInteractorOutput.swift */,
				3A09574AE09ABDDACBF68441 /* AlbumInteractor.swift */,
			);
			path = Interactor;
			sourceTree = "<group>";
		};
		31292520D81577C68EB380C5 /* View */ = {
			isa = PBXGroup;
			children = (
				FE51B28A1F6AF2D500B1D059 /* CollectionCell.swift */,
				F1FF6FCD014A15C02E23F0B1 /* AlbumViewInput.swift */,
				6F5B68179647D7D0AEE26190 /* AlbumViewOutput.swift */,
				D7E1083EB4CE6E8E5E053605 /* AlbumViewController.swift */,
			);
			path = View;
			sourceTree = "<group>";
		};
		3FF6F94A1EC5FCDF0076A8FB = {
			isa = PBXGroup;
			children = (
				3FF6F9551EC5FCDF0076A8FB /* Coon */,
				3FF6F9721EC5FCDF0076A8FB /* CoonTests */,
				FE1FF8821F700E4E001AA192 /* CoonUITests */,
				3FF6F9541EC5FCDF0076A8FB /* Products */,
				B8D81FF126621D871A1DB29C /* Pods */,
				FB6A05FBC927EEAEF4F3344B /* Frameworks */,
				40EECA73EDCEBC62423D96AE /* modules */,
			);
			sourceTree = "<group>";
		};
		3FF6F9541EC5FCDF0076A8FB /* Products */ = {
			isa = PBXGroup;
			children = (
				3FF6F9531EC5FCDF0076A8FB /* Coon.app */,
				3FF6F96F1EC5FCDF0076A8FB /* CoonTests.xctest */,
				FE1FF8811F700E4E001AA192 /* CoonUITests.xctest */,
			);
			name = Products;
			sourceTree = "<group>";
		};
		3FF6F9551EC5FCDF0076A8FB /* Coon */ = {
			isa = PBXGroup;
			children = (
				FED4B5A31F6AFE980023A136 /* AppDelegate.swift */,
				3FF6F9861EC5FF9F0076A8FB /* NetworkAPI */,
				3FF6F9621EC5FCDF0076A8FB /* Main.storyboard */,
				3FF6F9651EC5FCDF0076A8FB /* Assets.xcassets */,
				3FF6F9671EC5FCDF0076A8FB /* LaunchScreen.storyboard */,
				3FF6F96A1EC5FCDF0076A8FB /* Info.plist */,
				3FF6F9561EC5FCDF0076A8FB /* Supporting Files */,
			);
			path = Coon;
			sourceTree = "<group>";
		};
		3FF6F9561EC5FCDF0076A8FB /* Supporting Files */ = {
			isa = PBXGroup;
			children = (
				FE51B2891F6AF23200B1D059 /* Coon_bridging_header.h */,
			);
			name = "Supporting Files";
			sourceTree = "<group>";
		};
		3FF6F9721EC5FCDF0076A8FB /* CoonTests */ = {
			isa = PBXGroup;
			children = (
				3FF6F9751EC5FCDF0076A8FB /* Info.plist */,
				770D07D4E9909376A9990D32 /* Album */,
				FEA8465A1F70956C003FEA9A /* stub.txt */,
			);
			path = CoonTests;
			sourceTree = "<group>";
		};
		3FF6F9861EC5FF9F0076A8FB /* NetworkAPI */ = {
			isa = PBXGroup;
			children = (
				FE51B2871F6AF1FA00B1D059 /* FlickrApi.h */,
				FE51B2881F6AF1FA00B1D059 /* FlickrApi.m */,
			);
			path = NetworkAPI;
			sourceTree = "<group>";
		};
		40EECA73EDCEBC62423D96AE /* modules */ = {
			isa = PBXGroup;
			children = (
				A6D2C4204A537C0BC7075AD9 /* Album */,
			);
			path = modules;
			sourceTree = "<group>";
		};
		610E672D0D115290981DB9F9 /* Router */ = {
			isa = PBXGroup;
			children = (
				E4CA87D6BBA99C3A427AA7EA /* AlbumRouterTests.swift */,
			);
			path = Router;
			sourceTree = "<group>";
		};
		6E78CEFE64011DE19508F666 /* Router */ = {
			isa = PBXGroup;
			children = (
				1EA45D7B0E368915C2FD3742 /* AlbumRouterInput.swift */,
				DB8141EC025DEC3DFE05F4DA /* AlbumRouter.swift */,
			);
			path = Router;
			sourceTree = "<group>";
		};
		6F0F422C1728C36043B5C62A /* Interactor */ = {
			isa = PBXGroup;
			children = (
				81C85A57EE6792729672AB24 /* AlbumInteractorTests.swift */,
			);
			path = Interactor;
			sourceTree = "<group>";
		};
		770D07D4E9909376A9990D32 /* Album */ = {
			isa = PBXGroup;
			children = (
				FE1FF8741F7003F5001AA192 /* Mock */,
				CE0A4A8FC362EB3F96ABE90A /* Configurator */,
				883DBDDEA4C70D141353C191 /* View */,
				6F0F422C1728C36043B5C62A /* Interactor */,
				F5BE2218649FDA8A70616463 /* Presenter */,
				610E672D0D115290981DB9F9 /* Router */,
			);
			path = Album;
			sourceTree = "<group>";
		};
		883DBDDEA4C70D141353C191 /* View */ = {
			isa = PBXGroup;
			children = (
				E544C77B468C28AB0BD9F510 /* AlbumViewTests.swift */,
			);
			path = View;
			sourceTree = "<group>";
		};
		A6D2C4204A537C0BC7075AD9 /* Album */ = {
			isa = PBXGroup;
			children = (
				31292520D81577C68EB380C5 /* View */,
				D5BE8ACC328A508104AB157A /* Presenter */,
				1FE98D9F0DFD556B5D8CFE80 /* Interactor */,
				6E78CEFE64011DE19508F666 /* Router */,
				B192E30B5F6A5FE9470FBC5C /* Configurator */,
			);
			path = Album;
			sourceTree = "<group>";
		};
		B192E30B5F6A5FE9470FBC5C /* Configurator */ = {
			isa = PBXGroup;
			children = (
				5284C4B3745A0A6DE9AE7B3B /* AlbumConfigurator.swift */,
				124DA9E9D9E3A7658D0D93BA /* AlbumInitializer.swift */,
			);
			path = Configurator;
			sourceTree = "<group>";
		};
		B8D81FF126621D871A1DB29C /* Pods */ = {
			isa = PBXGroup;
			children = (
				5FF5C3E2DC23959DFF7961BD /* Pods-Coon.debug.xcconfig */,
				07F2DE70800337A3218D4ED2 /* Pods-Coon.release.xcconfig */,
				10AAB6EFA40CF5D9ABBC2B40 /* Pods-CoonTests.debug.xcconfig */,
				E947BA119A777FF2679BCED5 /* Pods-CoonTests.release.xcconfig */,
			);
			name = Pods;
			sourceTree = "<group>";
		};
		CE0A4A8FC362EB3F96ABE90A /* Configurator */ = {
			isa = PBXGroup;
			children = (
				A230833DE5E9C8112DFCC012 /* AlbumConfiguratorTests.swift */,
			);
			path = Configurator;
			sourceTree = "<group>";
		};
		D5BE8ACC328A508104AB157A /* Presenter */ = {
			isa = PBXGroup;
			children = (
				C0F24090D3B6785C09DFC169 /* AlbumModuleInput.swift */,
				4E06106F469734ACA970FE4F /* AlbumPresenter.swift */,
			);
			path = Presenter;
			sourceTree = "<group>";
		};
		F5BE2218649FDA8A70616463 /* Presenter */ = {
			isa = PBXGroup;
			children = (
				E57C2BB5F2C7086BDE80A805 /* AlbumPresenterTests.swift */,
			);
			path = Presenter;
			sourceTree = "<group>";
		};
		FB6A05FBC927EEAEF4F3344B /* Frameworks */ = {
			isa = PBXGroup;
			children = (
				3312A7C1C81EB0A993537950 /* Pods_Coon.framework */,
				4BDE1DEB7C882CBC3C2F79BE /* Pods_CoonTests.framework */,
			);
			name = Frameworks;
			sourceTree = "<group>";
		};
		FE1FF8741F7003F5001AA192 /* Mock */ = {
			isa = PBXGroup;
			children = (
				FE1FF8751F70041A001AA192 /* MockPresenter.swift */,
				FE1FF87A1F7008CC001AA192 /* MockInteractor.swift */,
			);
			path = Mock;
			sourceTree = "<group>";
		};
		FE1FF8821F700E4E001AA192 /* CoonUITests */ = {
			isa = PBXGroup;
			children = (
				FE1FF8831F700E4E001AA192 /* CoonUITests.swift */,
				FE1FF8851F700E4E001AA192 /* Info.plist */,
			);
			path = CoonUITests;
			sourceTree = "<group>";
		};
/* End PBXGroup section */

/* Begin PBXNativeTarget section */
		3FF6F9521EC5FCDF0076A8FB /* Coon */ = {
			isa = PBXNativeTarget;
			buildConfigurationList = 3FF6F9781EC5FCDF0076A8FB /* Build configuration list for PBXNativeTarget "Coon" */;
			buildPhases = (
				FAFE2B865D494EE294990B41 /* [CP] Check Pods Manifest.lock */,
				3FF6F94F1EC5FCDF0076A8FB /* Sources */,
				3FF6F9501EC5FCDF0076A8FB /* Frameworks */,
				3FF6F9511EC5FCDF0076A8FB /* Resources */,
				3F3608A1B91F2BA7C5F9B494 /* [CP] Embed Pods Frameworks */,
				5AB307990308CF75EC42F69A /* [CP] Copy Pods Resources */,
			);
			buildRules = (
			);
			dependencies = (
			);
			name = Coon;
			productName = Coon;
			productReference = 3FF6F9531EC5FCDF0076A8FB /* Coon.app */;
			productType = "com.apple.product-type.application";
		};
		3FF6F96E1EC5FCDF0076A8FB /* CoonTests */ = {
			isa = PBXNativeTarget;
			buildConfigurationList = 3FF6F97B1EC5FCDF0076A8FB /* Build configuration list for PBXNativeTarget "CoonTests" */;
			buildPhases = (
				10EFDFC4BDDC46F36EB05F2F /* [CP] Check Pods Manifest.lock */,
				3FF6F96B1EC5FCDF0076A8FB /* Sources */,
				3FF6F96C1EC5FCDF0076A8FB /* Frameworks */,
				3FF6F96D1EC5FCDF0076A8FB /* Resources */,
				67E5D5897903E3998CA009F1 /* [CP] Embed Pods Frameworks */,
				A1444351038C3E3EFF1FAC53 /* [CP] Copy Pods Resources */,
			);
			buildRules = (
			);
			dependencies = (
				3FF6F9711EC5FCDF0076A8FB /* PBXTargetDependency */,
			);
			name = CoonTests;
			productName = CoonTests;
			productReference = 3FF6F96F1EC5FCDF0076A8FB /* CoonTests.xctest */;
			productType = "com.apple.product-type.bundle.unit-test";
		};
		FE1FF8801F700E4E001AA192 /* CoonUITests */ = {
			isa = PBXNativeTarget;
			buildConfigurationList = FE1FF8881F700E4E001AA192 /* Build configuration list for PBXNativeTarget "CoonUITests" */;
			buildPhases = (
				FE1FF87D1F700E4E001AA192 /* Sources */,
				FE1FF87E1F700E4E001AA192 /* Frameworks */,
				FE1FF87F1F700E4E001AA192 /* Resources */,
			);
			buildRules = (
			);
			dependencies = (
				FE1FF8871F700E4E001AA192 /* PBXTargetDependency */,
			);
			name = CoonUITests;
			productName = CoonUITests;
			productReference = FE1FF8811F700E4E001AA192 /* CoonUITests.xctest */;
			productType = "com.apple.product-type.bundle.ui-testing";
		};
/* End PBXNativeTarget section */

/* Begin PBXProject section */
		3FF6F94B1EC5FCDF0076A8FB /* Project object */ = {
			isa = PBXProject;
			attributes = {
				LastSwiftUpdateCheck = 0900;
				LastUpgradeCheck = 0820;
				ORGANIZATIONNAME = CoonAndFriends;
				TargetAttributes = {
					3FF6F9521EC5FCDF0076A8FB = {
						CreatedOnToolsVersion = 8.2.1;
						DevelopmentTeam = G5GZ5MPEHS;
						ProvisioningStyle = Automatic;
					};
					3FF6F96E1EC5FCDF0076A8FB = {
						CreatedOnToolsVersion = 8.2.1;
						ProvisioningStyle = Automatic;
						TestTargetID = 3FF6F9521EC5FCDF0076A8FB;
					};
					FE1FF8801F700E4E001AA192 = {
						CreatedOnToolsVersion = 9.0;
						DevelopmentTeam = G5GZ5MPEHS;
						ProvisioningStyle = Automatic;
						TestTargetID = 3FF6F9521EC5FCDF0076A8FB;
					};
				};
			};
			buildConfigurationList = 3FF6F94E1EC5FCDF0076A8FB /* Build configuration list for PBXProject "Coon" */;
			compatibilityVersion = "Xcode 3.2";
			developmentRegion = English;
			hasScannedForEncodings = 0;
			knownRegions = (
				en,
				Base,
			);
			mainGroup = 3FF6F94A1EC5FCDF0076A8FB;
			productRefGroup = 3FF6F9541EC5FCDF0076A8FB /* Products */;
			projectDirPath = "";
			projectRoot = "";
			targets = (
				3FF6F9521EC5FCDF0076A8FB /* Coon */,
				3FF6F96E1EC5FCDF0076A8FB /* CoonTests */,
				FE1FF8801F700E4E001AA192 /* CoonUITests */,
			);
		};
/* End PBXProject section */

/* Begin PBXResourcesBuildPhase section */
		3FF6F9511EC5FCDF0076A8FB /* Resources */ = {
			isa = PBXResourcesBuildPhase;
			buildActionMask = 2147483647;
			files = (
				3FF6F9691EC5FCDF0076A8FB /* LaunchScreen.storyboard in Resources */,
				3FF6F9661EC5FCDF0076A8FB /* Assets.xcassets in Resources */,
				3FF6F9641EC5FCDF0076A8FB /* Main.storyboard in Resources */,
			);
			runOnlyForDeploymentPostprocessing = 0;
		};
		3FF6F96D1EC5FCDF0076A8FB /* Resources */ = {
			isa = PBXResourcesBuildPhase;
			buildActionMask = 2147483647;
			files = (
				FEA8465B1F70956C003FEA9A /* stub.txt in Resources */,
			);
			runOnlyForDeploymentPostprocessing = 0;
		};
		FE1FF87F1F700E4E001AA192 /* Resources */ = {
			isa = PBXResourcesBuildPhase;
			buildActionMask = 2147483647;
			files = (
			);
			runOnlyForDeploymentPostprocessing = 0;
		};
/* End PBXResourcesBuildPhase section */

/* Begin PBXShellScriptBuildPhase section */
		10EFDFC4BDDC46F36EB05F2F /* [CP] Check Pods Manifest.lock */ = {
			isa = PBXShellScriptBuildPhase;
			buildActionMask = 2147483647;
			files = (
			);
			inputPaths = (
				"${PODS_PODFILE_DIR_PATH}/Podfile.lock",
				"${PODS_ROOT}/Manifest.lock",
			);
			name = "[CP] Check Pods Manifest.lock";
			outputPaths = (
				"$(DERIVED_FILE_DIR)/Pods-CoonTests-checkManifestLockResult.txt",
			);
			runOnlyForDeploymentPostprocessing = 0;
			shellPath = /bin/sh;
			shellScript = "diff \"${PODS_PODFILE_DIR_PATH}/Podfile.lock\" \"${PODS_ROOT}/Manifest.lock\" > /dev/null\nif [ $? != 0 ] ; then\n    # print error to STDERR\n    echo \"error: The sandbox is not in sync with the Podfile.lock. Run 'pod install' or update your CocoaPods installation.\" >&2\n    exit 1\nfi\n# This output is used by Xcode 'outputs' to avoid re-running this script phase.\necho \"SUCCESS\" > \"${SCRIPT_OUTPUT_FILE_0}\"\n";
			showEnvVarsInLog = 0;
		};
		3F3608A1B91F2BA7C5F9B494 /* [CP] Embed Pods Frameworks */ = {
			isa = PBXShellScriptBuildPhase;
			buildActionMask = 2147483647;
			files = (
			);
			inputPaths = (
				"${SRCROOT}/Pods/Target Support Files/Pods-Coon/Pods-Coon-frameworks.sh",
				"${BUILT_PRODUCTS_DIR}/AFNetworking/AFNetworking.framework",
				"${BUILT_PRODUCTS_DIR}/FlickrKit/FlickrKit.framework",
				"${BUILT_PRODUCTS_DIR}/OHHTTPStubs/OHHTTPStubs.framework",
				"${BUILT_PRODUCTS_DIR}/PKHUD/PKHUD.framework",
				"${BUILT_PRODUCTS_DIR}/SDWebImage/SDWebImage.framework",
			);
			name = "[CP] Embed Pods Frameworks";
			outputPaths = (
				"${TARGET_BUILD_DIR}/${FRAMEWORKS_FOLDER_PATH}/AFNetworking.framework",
				"${TARGET_BUILD_DIR}/${FRAMEWORKS_FOLDER_PATH}/FlickrKit.framework",
				"${TARGET_BUILD_DIR}/${FRAMEWORKS_FOLDER_PATH}/OHHTTPStubs.framework",
				"${TARGET_BUILD_DIR}/${FRAMEWORKS_FOLDER_PATH}/PKHUD.framework",
				"${TARGET_BUILD_DIR}/${FRAMEWORKS_FOLDER_PATH}/SDWebImage.framework",
			);
			runOnlyForDeploymentPostprocessing = 0;
			shellPath = /bin/sh;
			shellScript = "\"${SRCROOT}/Pods/Target Support Files/Pods-Coon/Pods-Coon-frameworks.sh\"\n";
			showEnvVarsInLog = 0;
		};
		5AB307990308CF75EC42F69A /* [CP] Copy Pods Resources */ = {
			isa = PBXShellScriptBuildPhase;
			buildActionMask = 2147483647;
			files = (
			);
			inputPaths = (
			);
			name = "[CP] Copy Pods Resources";
			outputPaths = (
			);
			runOnlyForDeploymentPostprocessing = 0;
			shellPath = /bin/sh;
			shellScript = "\"${SRCROOT}/Pods/Target Support Files/Pods-Coon/Pods-Coon-resources.sh\"\n";
			showEnvVarsInLog = 0;
		};
		67E5D5897903E3998CA009F1 /* [CP] Embed Pods Frameworks */ = {
			isa = PBXShellScriptBuildPhase;
			buildActionMask = 2147483647;
			files = (
			);
			inputPaths = (
			);
			name = "[CP] Embed Pods Frameworks";
			outputPaths = (
			);
			runOnlyForDeploymentPostprocessing = 0;
			shellPath = /bin/sh;
			shellScript = "\"${SRCROOT}/Pods/Target Support Files/Pods-CoonTests/Pods-CoonTests-frameworks.sh\"\n";
			showEnvVarsInLog = 0;
		};
		A1444351038C3E3EFF1FAC53 /* [CP] Copy Pods Resources */ = {
			isa = PBXShellScriptBuildPhase;
			buildActionMask = 2147483647;
			files = (
			);
			inputPaths = (
			);
			name = "[CP] Copy Pods Resources";
			outputPaths = (
			);
			runOnlyForDeploymentPostprocessing = 0;
			shellPath = /bin/sh;
			shellScript = "\"${SRCROOT}/Pods/Target Support Files/Pods-CoonTests/Pods-CoonTests-resources.sh\"\n";
			showEnvVarsInLog = 0;
		};
		FAFE2B865D494EE294990B41 /* [CP] Check Pods Manifest.lock */ = {
			isa = PBXShellScriptBuildPhase;
			buildActionMask = 2147483647;
			files = (
			);
			inputPaths = (
				"${PODS_PODFILE_DIR_PATH}/Podfile.lock",
				"${PODS_ROOT}/Manifest.lock",
			);
			name = "[CP] Check Pods Manifest.lock";
			outputPaths = (
				"$(DERIVED_FILE_DIR)/Pods-Coon-checkManifestLockResult.txt",
			);
			runOnlyForDeploymentPostprocessing = 0;
			shellPath = /bin/sh;
			shellScript = "diff \"${PODS_PODFILE_DIR_PATH}/Podfile.lock\" \"${PODS_ROOT}/Manifest.lock\" > /dev/null\nif [ $? != 0 ] ; then\n    # print error to STDERR\n    echo \"error: The sandbox is not in sync with the Podfile.lock. Run 'pod install' or update your CocoaPods installation.\" >&2\n    exit 1\nfi\n# This output is used by Xcode 'outputs' to avoid re-running this script phase.\necho \"SUCCESS\" > \"${SCRIPT_OUTPUT_FILE_0}\"\n";
			showEnvVarsInLog = 0;
		};
/* End PBXShellScriptBuildPhase section */

/* Begin PBXSourcesBuildPhase section */
		3FF6F94F1EC5FCDF0076A8FB /* Sources */ = {
			isa = PBXSourcesBuildPhase;
			buildActionMask = 2147483647;
			files = (
				FE51B28B1F6AF2D500B1D059 /* CollectionCell.swift in Sources */,
				1DA57BD29F158FF8F3DFCA6E /* AlbumViewInput.swift in Sources */,
				5FC5163BCAA962B732F090D6 /* AlbumViewOutput.swift in Sources */,
				F82A0D1C64895E9C1B0076C9 /* AlbumViewController.swift in Sources */,
				1D6ED73F1CFC45A2B8777AC0 /* AlbumModuleInput.swift in Sources */,
				0895FE19F928B12C76C79D2A /* AlbumPresenter.swift in Sources */,
				4F115815F207ACA7FAF9EDE0 /* AlbumInteractorInput.swift in Sources */,
				E440F08B12BCC2799FD0E87D /* AlbumInteractorOutput.swift in Sources */,
				D58FBC5B5A42C70F1DCF4516 /* AlbumInteractor.swift in Sources */,
				50F27343A3681ED5BC499C25 /* AlbumRouterInput.swift in Sources */,
				FED4B5DF1F6B0D530023A136 /* FlickrApi.m in Sources */,
				9E3A626C2BEB57C2E5260445 /* AlbumRouter.swift in Sources */,
				7A0D8BFDD5889094469A8804 /* AlbumConfigurator.swift in Sources */,
				FED4B5A41F6AFE980023A136 /* AppDelegate.swift in Sources */,
			);
			runOnlyForDeploymentPostprocessing = 0;
		};
		3FF6F96B1EC5FCDF0076A8FB /* Sources */ = {
			isa = PBXSourcesBuildPhase;
			buildActionMask = 2147483647;
			files = (
				FE1FF87C1F700A18001AA192 /* AlbumRouterTests.swift in Sources */,
				FE1FF8761F70041A001AA192 /* MockPresenter.swift in Sources */,
				D0BECFA1474346854B173048 /* AlbumConfiguratorTests.swift in Sources */,
				FE1FF8781F7004F8001AA192 /* AlbumInteractorTests.swift in Sources */,
				6B74E908021D0B4A53F1A956 /* AlbumViewTests.swift in Sources */,
				FE1FF8791F700894001AA192 /* AlbumPresenterTests.swift in Sources */,
				FE1FF87B1F7008CC001AA192 /* MockInteractor.swift in Sources */,
			);
			runOnlyForDeploymentPostprocessing = 0;
		};
		FE1FF87D1F700E4E001AA192 /* Sources */ = {
			isa = PBXSourcesBuildPhase;
			buildActionMask = 2147483647;
			files = (
				FE1FF8841F700E4E001AA192 /* CoonUITests.swift in Sources */,
			);
			runOnlyForDeploymentPostprocessing = 0;
		};
/* End PBXSourcesBuildPhase section */

/* Begin PBXTargetDependency section */
		3FF6F9711EC5FCDF0076A8FB /* PBXTargetDependency */ = {
			isa = PBXTargetDependency;
			target = 3FF6F9521EC5FCDF0076A8FB /* Coon */;
			targetProxy = 3FF6F9701EC5FCDF0076A8FB /* PBXContainerItemProxy */;
		};
		FE1FF8871F700E4E001AA192 /* PBXTargetDependency */ = {
			isa = PBXTargetDependency;
			target = 3FF6F9521EC5FCDF0076A8FB /* Coon */;
			targetProxy = FE1FF8861F700E4E001AA192 /* PBXContainerItemProxy */;
		};
/* End PBXTargetDependency section */

/* Begin PBXVariantGroup section */
		3FF6F9621EC5FCDF0076A8FB /* Main.storyboard */ = {
			isa = PBXVariantGroup;
			children = (
				3FF6F9631EC5FCDF0076A8FB /* Base */,
			);
			name = Main.storyboard;
			sourceTree = "<group>";
		};
		3FF6F9671EC5FCDF0076A8FB /* LaunchScreen.storyboard */ = {
			isa = PBXVariantGroup;
			children = (
				3FF6F9681EC5FCDF0076A8FB /* Base */,
			);
			name = LaunchScreen.storyboard;
			sourceTree = "<group>";
		};
/* End PBXVariantGroup section */

/* Begin XCBuildConfiguration section */
		3FF6F9761EC5FCDF0076A8FB /* Debug */ = {
			isa = XCBuildConfiguration;
			buildSettings = {
				ALWAYS_SEARCH_USER_PATHS = NO;
				CLANG_ANALYZER_NONNULL = YES;
				CLANG_CXX_LANGUAGE_STANDARD = "gnu++0x";
				CLANG_CXX_LIBRARY = "libc++";
				CLANG_ENABLE_MODULES = YES;
				CLANG_ENABLE_OBJC_ARC = YES;
				CLANG_WARN_BOOL_CONVERSION = YES;
				CLANG_WARN_CONSTANT_CONVERSION = YES;
				CLANG_WARN_DIRECT_OBJC_ISA_USAGE = YES_ERROR;
				CLANG_WARN_DOCUMENTATION_COMMENTS = YES;
				CLANG_WARN_EMPTY_BODY = YES;
				CLANG_WARN_ENUM_CONVERSION = YES;
				CLANG_WARN_INFINITE_RECURSION = YES;
				CLANG_WARN_INT_CONVERSION = YES;
				CLANG_WARN_OBJC_ROOT_CLASS = YES_ERROR;
				CLANG_WARN_SUSPICIOUS_MOVE = YES;
				CLANG_WARN_UNREACHABLE_CODE = YES;
				CLANG_WARN__DUPLICATE_METHOD_MATCH = YES;
				"CODE_SIGN_IDENTITY[sdk=iphoneos*]" = "iPhone Developer";
				COPY_PHASE_STRIP = NO;
				DEBUG_INFORMATION_FORMAT = dwarf;
				ENABLE_STRICT_OBJC_MSGSEND = YES;
				ENABLE_TESTABILITY = YES;
				FRAMEWORK_SEARCH_PATHS = "$(inherited)/**";
				GCC_C_LANGUAGE_STANDARD = gnu99;
				GCC_DYNAMIC_NO_PIC = NO;
				GCC_NO_COMMON_BLOCKS = YES;
				GCC_OPTIMIZATION_LEVEL = 0;
				GCC_PREPROCESSOR_DEFINITIONS = (
					"DEBUG=1",
					"$(inherited)",
				);
				GCC_WARN_64_TO_32_BIT_CONVERSION = YES;
				GCC_WARN_ABOUT_RETURN_TYPE = YES_ERROR;
				GCC_WARN_UNDECLARED_SELECTOR = YES;
				GCC_WARN_UNINITIALIZED_AUTOS = YES_AGGRESSIVE;
				GCC_WARN_UNUSED_FUNCTION = YES;
				GCC_WARN_UNUSED_VARIABLE = YES;
				IPHONEOS_DEPLOYMENT_TARGET = 10.2;
				MTL_ENABLE_DEBUG_INFO = YES;
				ONLY_ACTIVE_ARCH = YES;
				SDKROOT = iphoneos;
				SWIFT_VERSION = 4.0;
			};
			name = Debug;
		};
		3FF6F9771EC5FCDF0076A8FB /* Release */ = {
			isa = XCBuildConfiguration;
			buildSettings = {
				ALWAYS_SEARCH_USER_PATHS = NO;
				CLANG_ANALYZER_NONNULL = YES;
				CLANG_CXX_LANGUAGE_STANDARD = "gnu++0x";
				CLANG_CXX_LIBRARY = "libc++";
				CLANG_ENABLE_MODULES = YES;
				CLANG_ENABLE_OBJC_ARC = YES;
				CLANG_WARN_BOOL_CONVERSION = YES;
				CLANG_WARN_CONSTANT_CONVERSION = YES;
				CLANG_WARN_DIRECT_OBJC_ISA_USAGE = YES_ERROR;
				CLANG_WARN_DOCUMENTATION_COMMENTS = YES;
				CLANG_WARN_EMPTY_BODY = YES;
				CLANG_WARN_ENUM_CONVERSION = YES;
				CLANG_WARN_INFINITE_RECURSION = YES;
				CLANG_WARN_INT_CONVERSION = YES;
				CLANG_WARN_OBJC_ROOT_CLASS = YES_ERROR;
				CLANG_WARN_SUSPICIOUS_MOVE = YES;
				CLANG_WARN_UNREACHABLE_CODE = YES;
				CLANG_WARN__DUPLICATE_METHOD_MATCH = YES;
				"CODE_SIGN_IDENTITY[sdk=iphoneos*]" = "iPhone Developer";
				COPY_PHASE_STRIP = NO;
				DEBUG_INFORMATION_FORMAT = "dwarf-with-dsym";
				ENABLE_NS_ASSERTIONS = NO;
				ENABLE_STRICT_OBJC_MSGSEND = YES;
				FRAMEWORK_SEARCH_PATHS = "$(inherited)/**";
				GCC_C_LANGUAGE_STANDARD = gnu99;
				GCC_NO_COMMON_BLOCKS = YES;
				GCC_WARN_64_TO_32_BIT_CONVERSION = YES;
				GCC_WARN_ABOUT_RETURN_TYPE = YES_ERROR;
				GCC_WARN_UNDECLARED_SELECTOR = YES;
				GCC_WARN_UNINITIALIZED_AUTOS = YES_AGGRESSIVE;
				GCC_WARN_UNUSED_FUNCTION = YES;
				GCC_WARN_UNUSED_VARIABLE = YES;
				IPHONEOS_DEPLOYMENT_TARGET = 10.2;
				MTL_ENABLE_DEBUG_INFO = NO;
				SDKROOT = iphoneos;
				SWIFT_VERSION = 4.0;
				VALIDATE_PRODUCT = YES;
			};
			name = Release;
		};
		3FF6F9791EC5FCDF0076A8FB /* Debug */ = {
			isa = XCBuildConfiguration;
			baseConfigurationReference = 5FF5C3E2DC23959DFF7961BD /* Pods-Coon.debug.xcconfig */;
			buildSettings = {
				ASSETCATALOG_COMPILER_APPICON_NAME = AppIcon;
				DEVELOPMENT_TEAM = G5GZ5MPEHS;
				FRAMEWORK_SEARCH_PATHS = "$(inherited)";
				INFOPLIST_FILE = Coon/Info.plist;
				LD_RUNPATH_SEARCH_PATHS = "$(inherited) @executable_path/Frameworks";
				PRODUCT_BUNDLE_IDENTIFIER = com.coon.Coon;
				PRODUCT_NAME = "$(TARGET_NAME)";
				SWIFT_OBJC_BRIDGING_HEADER = Coon/Coon_bridging_header.h;
				SWIFT_OPTIMIZATION_LEVEL = "-Onone";
			};
			name = Debug;
		};
		3FF6F97A1EC5FCDF0076A8FB /* Release */ = {
			isa = XCBuildConfiguration;
			baseConfigurationReference = 07F2DE70800337A3218D4ED2 /* Pods-Coon.release.xcconfig */;
			buildSettings = {
				ASSETCATALOG_COMPILER_APPICON_NAME = AppIcon;
				DEVELOPMENT_TEAM = G5GZ5MPEHS;
				FRAMEWORK_SEARCH_PATHS = "$(inherited)";
				INFOPLIST_FILE = Coon/Info.plist;
				LD_RUNPATH_SEARCH_PATHS = "$(inherited) @executable_path/Frameworks";
				PRODUCT_BUNDLE_IDENTIFIER = com.coon.Coon;
				PRODUCT_NAME = "$(TARGET_NAME)";
				SWIFT_OBJC_BRIDGING_HEADER = Coon/Coon_bridging_header.h;
				SWIFT_OPTIMIZATION_LEVEL = "-Onone";
			};
			name = Release;
		};
		3FF6F97C1EC5FCDF0076A8FB /* Debug */ = {
			isa = XCBuildConfiguration;
			baseConfigurationReference = 10AAB6EFA40CF5D9ABBC2B40 /* Pods-CoonTests.debug.xcconfig */;
			buildSettings = {
				BUNDLE_LOADER = "$(TEST_HOST)";
				INFOPLIST_FILE = CoonTests/Info.plist;
				LD_RUNPATH_SEARCH_PATHS = "$(inherited) @executable_path/Frameworks @loader_path/Frameworks";
				PRODUCT_BUNDLE_IDENTIFIER = com.coon.CoonTests;
				PRODUCT_NAME = "$(TARGET_NAME)";
				SWIFT_OPTIMIZATION_LEVEL = "-Onone";
				TEST_HOST = "$(BUILT_PRODUCTS_DIR)/Coon.app/Coon";
			};
			name = Debug;
		};
		3FF6F97D1EC5FCDF0076A8FB /* Release */ = {
			isa = XCBuildConfiguration;
			baseConfigurationReference = E947BA119A777FF2679BCED5 /* Pods-CoonTests.release.xcconfig */;
			buildSettings = {
				BUNDLE_LOADER = "$(TEST_HOST)";
				INFOPLIST_FILE = CoonTests/Info.plist;
				LD_RUNPATH_SEARCH_PATHS = "$(inherited) @executable_path/Frameworks @loader_path/Frameworks";
				PRODUCT_BUNDLE_IDENTIFIER = com.coon.CoonTests;
				PRODUCT_NAME = "$(TARGET_NAME)";
				SWIFT_OPTIMIZATION_LEVEL = "-Onone";
				TEST_HOST = "$(BUILT_PRODUCTS_DIR)/Coon.app/Coon";
			};
			name = Release;
		};
		FE1FF8891F700E4E001AA192 /* Debug */ = {
			isa = XCBuildConfiguration;
			buildSettings = {
				CLANG_ANALYZER_NUMBER_OBJECT_CONVERSION = YES_AGGRESSIVE;
				CLANG_CXX_LANGUAGE_STANDARD = "gnu++14";
				CLANG_WARN_BLOCK_CAPTURE_AUTORELEASING = YES;
				CLANG_WARN_COMMA = YES;
				CLANG_WARN_NON_LITERAL_NULL_CONVERSION = YES;
				CLANG_WARN_OBJC_LITERAL_CONVERSION = YES;
				CLANG_WARN_RANGE_LOOP_ANALYSIS = YES;
				CLANG_WARN_STRICT_PROTOTYPES = YES;
				CLANG_WARN_UNGUARDED_AVAILABILITY = YES_AGGRESSIVE;
				CODE_SIGN_IDENTITY = "iPhone Developer";
				CODE_SIGN_STYLE = Automatic;
				DEVELOPMENT_TEAM = G5GZ5MPEHS;
				GCC_C_LANGUAGE_STANDARD = gnu11;
				INFOPLIST_FILE = CoonUITests/Info.plist;
				IPHONEOS_DEPLOYMENT_TARGET = 11.0;
				LD_RUNPATH_SEARCH_PATHS = "$(inherited) @executable_path/Frameworks @loader_path/Frameworks";
				PRODUCT_BUNDLE_IDENTIFIER = com.billchan.CoonUITests;
				PRODUCT_NAME = "$(TARGET_NAME)";
				SWIFT_ACTIVE_COMPILATION_CONDITIONS = DEBUG;
				SWIFT_OPTIMIZATION_LEVEL = "-Onone";
				SWIFT_VERSION = 4.0;
				TARGETED_DEVICE_FAMILY = "1,2";
				TEST_TARGET_NAME = Coon;
			};
			name = Debug;
		};
		FE1FF88A1F700E4E001AA192 /* Release */ = {
			isa = XCBuildConfiguration;
			buildSettings = {
				CLANG_ANALYZER_NUMBER_OBJECT_CONVERSION = YES_AGGRESSIVE;
				CLANG_CXX_LANGUAGE_STANDARD = "gnu++14";
				CLANG_WARN_BLOCK_CAPTURE_AUTORELEASING = YES;
				CLANG_WARN_COMMA = YES;
				CLANG_WARN_NON_LITERAL_NULL_CONVERSION = YES;
				CLANG_WARN_OBJC_LITERAL_CONVERSION = YES;
				CLANG_WARN_RANGE_LOOP_ANALYSIS = YES;
				CLANG_WARN_STRICT_PROTOTYPES = YES;
				CLANG_WARN_UNGUARDED_AVAILABILITY = YES_AGGRESSIVE;
				CODE_SIGN_IDENTITY = "iPhone Developer";
				CODE_SIGN_STYLE = Automatic;
				DEVELOPMENT_TEAM = G5GZ5MPEHS;
				GCC_C_LANGUAGE_STANDARD = gnu11;
				INFOPLIST_FILE = CoonUITests/Info.plist;
				IPHONEOS_DEPLOYMENT_TARGET = 11.0;
				LD_RUNPATH_SEARCH_PATHS = "$(inherited) @executable_path/Frameworks @loader_path/Frameworks";
				PRODUCT_BUNDLE_IDENTIFIER = com.billchan.CoonUITests;
				PRODUCT_NAME = "$(TARGET_NAME)";
				SWIFT_OPTIMIZATION_LEVEL = "-Owholemodule";
				SWIFT_VERSION = 4.0;
				TARGETED_DEVICE_FAMILY = "1,2";
				TEST_TARGET_NAME = Coon;
			};
			name = Release;
		};
/* End XCBuildConfiguration section */

/* Begin XCConfigurationList section */
		3FF6F94E1EC5FCDF0076A8FB /* Build configuration list for PBXProject "Coon" */ = {
			isa = XCConfigurationList;
			buildConfigurations = (
				3FF6F9761EC5FCDF0076A8FB /* Debug */,
				3FF6F9771EC5FCDF0076A8FB /* Release */,
			);
			defaultConfigurationIsVisible = 0;
			defaultConfigurationName = Release;
		};
		3FF6F9781EC5FCDF0076A8FB /* Build configuration list for PBXNativeTarget "Coon" */ = {
			isa = XCConfigurationList;
			buildConfigurations = (
				3FF6F9791EC5FCDF0076A8FB /* Debug */,
				3FF6F97A1EC5FCDF0076A8FB /* Release */,
			);
			defaultConfigurationIsVisible = 0;
			defaultConfigurationName = Release;
		};
		3FF6F97B1EC5FCDF0076A8FB /* Build configuration list for PBXNativeTarget "CoonTests" */ = {
			isa = XCConfigurationList;
			buildConfigurations = (
				3FF6F97C1EC5FCDF0076A8FB /* Debug */,
				3FF6F97D1EC5FCDF0076A8FB /* Release */,
			);
			defaultConfigurationIsVisible = 0;
			defaultConfigurationName = Release;
		};
		FE1FF8881F700E4E001AA192 /* Build configuration list for PBXNativeTarget "CoonUITests" */ = {
			isa = XCConfigurationList;
			buildConfigurations = (
				FE1FF8891F700E4E001AA192 /* Debug */,
				FE1FF88A1F700E4E001AA192 /* Release */,
			);
			defaultConfigurationIsVisible = 0;
			defaultConfigurationName = Release;
		};
/* End XCConfigurationList section */
	};
	rootObject = 3FF6F94B1EC5FCDF0076A8FB /* Project object */;
}
